
Microsoft Visual Studio Solution File, Format Version 12.00
# Visual Studio Version 17
VisualStudioVersion = 17.6.33829.357
MinimumVisualStudioVersion = 10.0.40219.1
Project("{FAE04EC0-301F-11D3-BF4B-00C04F79EFBC}") = "VacationsManagement", "VacationsManagement\VacationsManagement.csproj", "{9858F2D3-A71C-44F4-B5D7-1C6093920417}"
EndProject
Global
	GlobalSection(SolutionConfigurationPlatforms) = preSolution
		Debug|Any CPU = Debug|Any CPU
		Release|Any CPU = Release|Any CPU
	EndGlobalSection
	GlobalSection(ProjectConfigurationPlatforms) = postSolution
		{9858F2D3-A71C-44F4-B5D7-1C6093920417}.Debug|Any CPU.ActiveCfg = Debug|Any CPU
		{9858F2D3-A71C-44F4-B5D7-1C6093920417}.Debug|Any CPU.Build.0 = Debug|Any CPU
		{9858F2D3-A71C-44F4-B5D7-1C6093920417}.Release|Any CPU.ActiveCfg = Release|Any CPU
		{9858F2D3-A71C-44F4-B5D7-1C6093920417}.Release|Any CPU.Build.0 = Release|Any CPU
	EndGlobalSection
	GlobalSection(SolutionProperties) = preSolution
		HideSolutionNode = FALSE
	EndGlobalSection
	GlobalSection(ExtensibilityGlobals) = postSolution
		SolutionGuid = {5523CF8C-432D-44DA-A74E-164EC755A5C3}
	EndGlobalSection
EndGlobal
